# THIS IS AN AUTOGENERATED FILE. DO NOT EDIT THIS FILE DIRECTLY.
# yarn lockfile v1


angular-animate@^1.8.0:
  version "1.8.0"
  resolved "https://registry.yarnpkg.com/angular-animate/-/angular-animate-1.8.0.tgz#fc6333a5a052129dc5fa0b02cd676304d2b99e9d"
  integrity sha512-ROFK3UIn1MSVpqAlay15ZxjPmVbvwaO3Zn/2vhmQdYeqxSbUVuOckcvtDLBpHPGPtOAreu35qfV7NQ7u2EgDcA==

angular-aria@^1.8.0:
  version "1.8.0"
  resolved "https://registry.yarnpkg.com/angular-aria/-/angular-aria-1.8.0.tgz#97aec9b1e8bafd07d5fab30f98d8ec832e18e25d"
  integrity sha512-eCQI6EwgY6bYHdzIUfDABHnZjoZ3bNYpCsnceQF4bLfbq1QtZ7raRPNca45sj6C9Pfjde6PNcEDvuLozFPYnrQ==

angular-material@^1.2.0:
  version "1.2.0"
  resolved "https://registry.yarnpkg.com/angular-material/-/angular-material-1.2.0.tgz#b8f8ab87ca357138c5553a680fe8892c116d3f6a"
  integrity sha512-s7GnQZkTFYfTBIraHz7SqyZtgr04aK4AenTdfdx1xkTGh9TewWttKdmphBwEpviv4dZpcvESZEn3REpUdFYhEQ==

angular-messages@^1.8.0:
  version "1.8.0"
  resolved "https://registry.yarnpkg.com/angular-messages/-/angular-messages-1.8.0.tgz#dcdb8ea7d85a939526921e8cf05950601dc2b8fb"
  integrity sha512-LSlyTv80y1vg8Cfdz+RJ0BrraWkq0qsOZHyrHFT8NyYWC5yp6HQabvZvTpKv9YA+6o05wwAU90qXHSrnUlSflA==

angular@^1.8.0:
  version "1.8.0"
  resolved "https://registry.yarnpkg.com/angular/-/angular-1.8.0.tgz#b1ec179887869215cab6dfd0df2e42caa65b1b51"
  integrity sha512-VdaMx+Qk0Skla7B5gw77a8hzlcOakwF8mjlW13DpIWIDlfqwAbSSLfd8N/qZnzEmQF4jC4iofInd3gE7vL8ZZg==
